
Microsoft Visual Studio Solution File, Format Version 12.00
# Visual Studio Version 17
VisualStudioVersion = 17.3.32819.101
MinimumVisualStudioVersion = 10.0.40219.1
Project("{FAE04EC0-301F-11D3-BF4B-00C04F79EFBC}") = "CSharp Simple Keylogger", "CSharp Simple Keylogger\CSharp Simple Keylogger.csproj", "{942EB8D7-889D-41C4-9DC0-8239966FCB3B}"
EndProject
Global
	GlobalSection(SolutionConfigurationPlatforms) = preSolution
		Debug|Any CPU = Debug|Any CPU
		Release|Any CPU = Release|Any CPU
	EndGlobalSection
	GlobalSection(ProjectConfigurationPlatforms) = postSolution
		{942EB8D7-889D-41C4-9DC0-8239966FCB3B}.Debug|Any CPU.ActiveCfg = Debug|Any CPU
		{942EB8D7-889D-41C4-9DC0-8239966FCB3B}.Debug|Any CPU.Build.0 = Debug|Any CPU
		{942EB8D7-889D-41C4-9DC0-8239966FCB3B}.Release|Any CPU.ActiveCfg = Release|Any CPU
		{942EB8D7-889D-41C4-9DC0-8239966FCB3B}.Release|Any CPU.Build.0 = Release|Any CPU
	EndGlobalSection
	GlobalSection(SolutionProperties) = preSolution
		HideSolutionNode = FALSE
	EndGlobalSection
	GlobalSection(ExtensibilityGlobals) = postSolution
		SolutionGuid = {77BEF3D5-AFD8-497C-8123-9121A16A83BE}
	EndGlobalSection
EndGlobal
